{
  "name": "hashmash",
  "lockfileVersion": 3,
  "requires": true,
  "packages": {
    "": {
      "dependencies": {
        "bitwrench": "^1.2.16"
      }
    },
    "node_modules/bitwrench": {
      "version": "1.2.16",
      "resolved": "https://registry.npmjs.org/bitwrench/-/bitwrench-1.2.16.tgz",
      "integrity": "sha512-I93HuHzkik8SpD0UShdLf0xy9TtgXCQoYDByr8TzZSCqtNnIWkqX5XWHK12/hHjIAmpVCuVa94Tl34o5oTQHYQ=="
    }
  }
}
